// !$*UTF8*$!
{
	archiveVersion = 1;
	classes = {
	};
	objectVersion = 55;
	objects = {

/* Begin PBXBuildFile section */
		1C39430327D69B79003D2E0F /* TrainListViewModel.swift in Sources */ = {isa = PBXBuildFile; fileRef = 1C39430227D69B79003D2E0F /* TrainListViewModel.swift */; };
		1CE0883E27D55F6A007A4E11 /* Detail.swift in Sources */ = {isa = PBXBuildFile; fileRef = 1CE0883627D55F69007A4E11 /* Detail.swift */; };
		1CE0883F27D55F6A007A4E11 /* TimetableTrainInfo.swift in Sources */ = {isa = PBXBuildFile; fileRef = 1CE0883727D55F69007A4E11 /* TimetableTrainInfo.swift */; };
		1CE0884027D55F6A007A4E11 /* DetailTrainInfo.swift in Sources */ = {isa = PBXBuildFile; fileRef = 1CE0883827D55F69007A4E11 /* DetailTrainInfo.swift */; };
		1CE0884127D55F6A007A4E11 /* DetailService.swift in Sources */ = {isa = PBXBuildFile; fileRef = 1CE0883927D55F6A007A4E11 /* DetailService.swift */; };
		1CE0884227D55F6A007A4E11 /* JSONSchemaSupport.swift in Sources */ = {isa = PBXBuildFile; fileRef = 1CE0883A27D55F6A007A4E11 /* JSONSchemaSupport.swift */; };
		1CE0884327D55F6A007A4E11 /* Timetable.swift in Sources */ = {isa = PBXBuildFile; fileRef = 1CE0883B27D55F6A007A4E11 /* Timetable.swift */; };
		1CE0884427D55F6A007A4E11 /* TrainInfoService.swift in Sources */ = {isa = PBXBuildFile; fileRef = 1CE0883C27D55F6A007A4E11 /* TrainInfoService.swift */; };
		1CE0884527D55F6A007A4E11 /* Timetables.swift in Sources */ = {isa = PBXBuildFile; fileRef = 1CE0883D27D55F6A007A4E11 /* Timetables.swift */; };
		1CE5360027C6226E004A8328 /* SreachView.swift in Sources */ = {isa = PBXBuildFile; fileRef = 1CE535FF27C6226E004A8328 /* SreachView.swift */; };
		1CE5360227C62361004A8328 /* TrainView.swift in Sources */ = {isa = PBXBuildFile; fileRef = 1CE5360127C62361004A8328 /* TrainView.swift */; };
		1CE5360427C62474004A8328 /* TrainListView.swift in Sources */ = {isa = PBXBuildFile; fileRef = 1CE5360327C62474004A8328 /* TrainListView.swift */; };
		1CE83D8627BA8B38003E8982 /* ElviraApp.swift in Sources */ = {isa = PBXBuildFile; fileRef = 1CE83D8527BA8B38003E8982 /* ElviraApp.swift */; };
		1CE83D8A27BA8B3C003E8982 /* Assets.xcassets in Resources */ = {isa = PBXBuildFile; fileRef = 1CE83D8927BA8B3C003E8982 /* Assets.xcassets */; };
		1CE83D8D27BA8B3C003E8982 /* Preview Assets.xcassets in Resources */ = {isa = PBXBuildFile; fileRef = 1CE83D8C27BA8B3C003E8982 /* Preview Assets.xcassets */; };
		C24298BDBB707233E53D895A /* Pods_Elvira.framework in Frameworks */ = {isa = PBXBuildFile; fileRef = 5871030B80F2FF91AB78E496 /* Pods_Elvira.framework */; };
/* End PBXBuildFile section */

/* Begin PBXFileReference section */
		03FD86C454894FB06D8A82E3 /* Pods-Elvira.debug.xcconfig */ = {isa = PBXFileReference; includeInIndex = 1; lastKnownFileType = text.xcconfig; name = "Pods-Elvira.debug.xcconfig"; path = "Target Support Files/Pods-Elvira/Pods-Elvira.debug.xcconfig"; sourceTree = "<group>"; };
		131CC6A0E1D78412A9C50719 /* Pods-Elvira.release.xcconfig */ = {isa = PBXFileReference; includeInIndex = 1; lastKnownFileType = text.xcconfig; name = "Pods-Elvira.release.xcconfig"; path = "Target Support Files/Pods-Elvira/Pods-Elvira.release.xcconfig"; sourceTree = "<group>"; };
		1C39430227D69B79003D2E0F /* TrainListViewModel.swift */ = {isa = PBXFileReference; lastKnownFileType = sourcecode.swift; path = TrainListViewModel.swift; sourceTree = "<group>"; };
		1CE0883627D55F69007A4E11 /* Detail.swift */ = {isa = PBXFileReference; fileEncoding = 4; lastKnownFileType = sourcecode.swift; path = Detail.swift; sourceTree = "<group>"; };
		1CE0883727D55F69007A4E11 /* TimetableTrainInfo.swift */ = {isa = PBXFileReference; fileEncoding = 4; lastKnownFileType = sourcecode.swift; path = TimetableTrainInfo.swift; sourceTree = "<group>"; };
		1CE0883827D55F69007A4E11 /* DetailTrainInfo.swift */ = {isa = PBXFileReference; fileEncoding = 4; lastKnownFileType = sourcecode.swift; path = DetailTrainInfo.swift; sourceTree = "<group>"; };
		1CE0883927D55F6A007A4E11 /* DetailService.swift */ = {isa = PBXFileReference; fileEncoding = 4; lastKnownFileType = sourcecode.swift; path = DetailService.swift; sourceTree = "<group>"; };
		1CE0883A27D55F6A007A4E11 /* JSONSchemaSupport.swift */ = {isa = PBXFileReference; fileEncoding = 4; lastKnownFileType = sourcecode.swift; path = JSONSchemaSupport.swift; sourceTree = "<group>"; };
		1CE0883B27D55F6A007A4E11 /* Timetable.swift */ = {isa = PBXFileReference; fileEncoding = 4; lastKnownFileType = sourcecode.swift; path = Timetable.swift; sourceTree = "<group>"; };
		1CE0883C27D55F6A007A4E11 /* TrainInfoService.swift */ = {isa = PBXFileReference; fileEncoding = 4; lastKnownFileType = sourcecode.swift; path = TrainInfoService.swift; sourceTree = "<group>"; };
		1CE0883D27D55F6A007A4E11 /* Timetables.swift */ = {isa = PBXFileReference; fileEncoding = 4; lastKnownFileType = sourcecode.swift; path = Timetables.swift; sourceTree = "<group>"; };
		1CE535FF27C6226E004A8328 /* SreachView.swift */ = {isa = PBXFileReference; lastKnownFileType = sourcecode.swift; path = SreachView.swift; sourceTree = "<group>"; };
		1CE5360127C62361004A8328 /* TrainView.swift */ = {isa = PBXFileReference; lastKnownFileType = sourcecode.swift; path = TrainView.swift; sourceTree = "<group>"; };
		1CE5360327C62474004A8328 /* TrainListView.swift */ = {isa = PBXFileReference; lastKnownFileType = sourcecode.swift; path = TrainListView.swift; sourceTree = "<group>"; };
		1CE83D8227BA8B38003E8982 /* Elvira.app */ = {isa = PBXFileReference; explicitFileType = wrapper.application; includeInIndex = 0; path = Elvira.app; sourceTree = BUILT_PRODUCTS_DIR; };
		1CE83D8527BA8B38003E8982 /* ElviraApp.swift */ = {isa = PBXFileReference; lastKnownFileType = sourcecode.swift; path = ElviraApp.swift; sourceTree = "<group>"; };
		1CE83D8927BA8B3C003E8982 /* Assets.xcassets */ = {isa = PBXFileReference; lastKnownFileType = folder.assetcatalog; path = Assets.xcassets; sourceTree = "<group>"; };
		1CE83D8C27BA8B3C003E8982 /* Preview Assets.xcassets */ = {isa = PBXFileReference; lastKnownFileType = folder.assetcatalog; path = "Preview Assets.xcassets"; sourceTree = "<group>"; };
		5871030B80F2FF91AB78E496 /* Pods_Elvira.framework */ = {isa = PBXFileReference; explicitFileType = wrapper.framework; includeInIndex = 0; path = Pods_Elvira.framework; sourceTree = BUILT_PRODUCTS_DIR; };
/* End PBXFileReference section */

/* Begin PBXFrameworksBuildPhase section */
		1CE83D7F27BA8B38003E8982 /* Frameworks */ = {
			isa = PBXFrameworksBuildPhase;
			buildActionMask = 2147483647;
			files = (
				C24298BDBB707233E53D895A /* Pods_Elvira.framework in Frameworks */,
			);
			runOnlyForDeploymentPostprocessing = 0;
		};
/* End PBXFrameworksBuildPhase section */

/* Begin PBXGroup section */
		1CE535FE27C6225D004A8328 /* View */ = {
			isa = PBXGroup;
			children = (
				1CE535FF27C6226E004A8328 /* SreachView.swift */,
				1CE5360127C62361004A8328 /* TrainView.swift */,
				1CE5360327C62474004A8328 /* TrainListView.swift */,
			);
			path = View;
			sourceTree = "<group>";
		};
		1CE5360527C624A3004A8328 /* Model */ = {
			isa = PBXGroup;
			children = (
				1CE0883627D55F69007A4E11 /* Detail.swift */,
				1CE0883927D55F6A007A4E11 /* DetailService.swift */,
				1CE0883827D55F69007A4E11 /* DetailTrainInfo.swift */,
				1CE0883A27D55F6A007A4E11 /* JSONSchemaSupport.swift */,
				1CE0883B27D55F6A007A4E11 /* Timetable.swift */,
				1CE0883D27D55F6A007A4E11 /* Timetables.swift */,
				1CE0883727D55F69007A4E11 /* TimetableTrainInfo.swift */,
				1CE0883C27D55F6A007A4E11 /* TrainInfoService.swift */,
			);
			path = Model;
			sourceTree = "<group>";
		};
		1CE5360927C62536004A8328 /* ViewModel */ = {
			isa = PBXGroup;
			children = (
				1C39430227D69B79003D2E0F /* TrainListViewModel.swift */,
			);
			path = ViewModel;
			sourceTree = "<group>";
		};
		1CE83D7927BA8B38003E8982 = {
			isa = PBXGroup;
			children = (
				1CE83D8427BA8B38003E8982 /* Elvira */,
				1CE83D8327BA8B38003E8982 /* Products */,
				270DC4EE9ACE03F36D8F7070 /* Pods */,
				ADFE656CEFABC93532E07876 /* Frameworks */,
			);
			sourceTree = "<group>";
		};
		1CE83D8327BA8B38003E8982 /* Products */ = {
			isa = PBXGroup;
			children = (
				1CE83D8227BA8B38003E8982 /* Elvira.app */,
			);
			name = Products;
			sourceTree = "<group>";
		};
		1CE83D8427BA8B38003E8982 /* Elvira */ = {
			isa = PBXGroup;
			children = (
				1CE5360527C624A3004A8328 /* Model */,
				1CE5360927C62536004A8328 /* ViewModel */,
				1CE535FE27C6225D004A8328 /* View */,
				1CE83D8527BA8B38003E8982 /* ElviraApp.swift */,
				1CE83D8927BA8B3C003E8982 /* Assets.xcassets */,
				1CE83D8B27BA8B3C003E8982 /* Preview Content */,
			);
			path = Elvira;
			sourceTree = "<group>";
		};
		1CE83D8B27BA8B3C003E8982 /* Preview Content */ = {
			isa = PBXGroup;
			children = (
				1CE83D8C27BA8B3C003E8982 /* Preview Assets.xcassets */,
			);
			path = "Preview Content";
			sourceTree = "<group>";
		};
		270DC4EE9ACE03F36D8F7070 /* Pods */ = {
			isa = PBXGroup;
			children = (
				03FD86C454894FB06D8A82E3 /* Pods-Elvira.debug.xcconfig */,
				131CC6A0E1D78412A9C50719 /* Pods-Elvira.release.xcconfig */,
			);
			path = Pods;
			sourceTree = "<group>";
		};
		ADFE656CEFABC93532E07876 /* Frameworks */ = {
			isa = PBXGroup;
			children = (
				5871030B80F2FF91AB78E496 /* Pods_Elvira.framework */,
			);
			name = Frameworks;
			sourceTree = "<group>";
		};
/* End PBXGroup section */

/* Begin PBXNativeTarget section */
		1CE83D8127BA8B38003E8982 /* Elvira */ = {
			isa = PBXNativeTarget;
			buildConfigurationList = 1CE83D9027BA8B3C003E8982 /* Build configuration list for PBXNativeTarget "Elvira" */;
			buildPhases = (
				C4FF63C749B3AE5457FC6E2C /* [CP] Check Pods Manifest.lock */,
				1CE83D7E27BA8B38003E8982 /* Sources */,
				1CE83D7F27BA8B38003E8982 /* Frameworks */,
				1CE83D8027BA8B38003E8982 /* Resources */,
				188EA8248BB2CF2FCF901544 /* [CP] Embed Pods Frameworks */,
			);
			buildRules = (
			);
			dependencies = (
			);
			name = Elvira;
			productName = Elvira;
			productReference = 1CE83D8227BA8B38003E8982 /* Elvira.app */;
			productType = "com.apple.product-type.application";
		};
/* End PBXNativeTarget section */

/* Begin PBXProject section */
		1CE83D7A27BA8B38003E8982 /* Project object */ = {
			isa = PBXProject;
			attributes = {
				BuildIndependentTargetsInParallel = 1;
				LastSwiftUpdateCheck = 1320;
				LastUpgradeCheck = 1320;
				TargetAttributes = {
					1CE83D8127BA8B38003E8982 = {
						CreatedOnToolsVersion = 13.2.1;
					};
				};
			};
			buildConfigurationList = 1CE83D7D27BA8B38003E8982 /* Build configuration list for PBXProject "Elvira" */;
			compatibilityVersion = "Xcode 13.0";
			developmentRegion = en;
			hasScannedForEncodings = 0;
			knownRegions = (
				en,
				Base,
			);
			mainGroup = 1CE83D7927BA8B38003E8982;
			productRefGroup = 1CE83D8327BA8B38003E8982 /* Products */;
			projectDirPath = "";
			projectRoot = "";
			targets = (
				1CE83D8127BA8B38003E8982 /* Elvira */,
			);
		};
/* End PBXProject section */

/* Begin PBXResourcesBuildPhase section */
		1CE83D8027BA8B38003E8982 /* Resources */ = {
			isa = PBXResourcesBuildPhase;
			buildActionMask = 2147483647;
			files = (
				1CE83D8D27BA8B3C003E8982 /* Preview Assets.xcassets in Resources */,
				1CE83D8A27BA8B3C003E8982 /* Assets.xcassets in Resources */,
			);
			runOnlyForDeploymentPostprocessing = 0;
		};
/* End PBXResourcesBuildPhase section */

/* Begin PBXShellScriptBuildPhase section */
		188EA8248BB2CF2FCF901544 /* [CP] Embed Pods Frameworks */ = {
			isa = PBXShellScriptBuildPhase;
			buildActionMask = 2147483647;
			files = (
			);
			inputFileListPaths = (
				"${PODS_ROOT}/Target Support Files/Pods-Elvira/Pods-Elvira-frameworks-${CONFIGURATION}-input-files.xcfilelist",
			);
			name = "[CP] Embed Pods Frameworks";
			outputFileListPaths = (
				"${PODS_ROOT}/Target Support Files/Pods-Elvira/Pods-Elvira-frameworks-${CONFIGURATION}-output-files.xcfilelist",
			);
			runOnlyForDeploymentPostprocessing = 0;
			shellPath = /bin/sh;
			shellScript = "\"${PODS_ROOT}/Target Support Files/Pods-Elvira/Pods-Elvira-frameworks.sh\"\n";
			showEnvVarsInLog = 0;
		};
		C4FF63C749B3AE5457FC6E2C /* [CP] Check Pods Manifest.lock */ = {
			isa = PBXShellScriptBuildPhase;
			buildActionMask = 2147483647;
			files = (
			);
			inputFileListPaths = (
			);
			inputPaths = (
				"${PODS_PODFILE_DIR_PATH}/Podfile.lock",
				"${PODS_ROOT}/Manifest.lock",
			);
			name = "[CP] Check Pods Manifest.lock";
			outputFileListPaths = (
			);
			outputPaths = (
				"$(DERIVED_FILE_DIR)/Pods-Elvira-checkManifestLockResult.txt",
			);
			runOnlyForDeploymentPostprocessing = 0;
			shellPath = /bin/sh;
			shellScript = "diff \"${PODS_PODFILE_DIR_PATH}/Podfile.lock\" \"${PODS_ROOT}/Manifest.lock\" > /dev/null\nif [ $? != 0 ] ; then\n    # print error to STDERR\n    echo \"error: The sandbox is not in sync with the Podfile.lock. Run 'pod install' or update your CocoaPods installation.\" >&2\n    exit 1\nfi\n# This output is used by Xcode 'outputs' to avoid re-running this script phase.\necho \"SUCCESS\" > \"${SCRIPT_OUTPUT_FILE_0}\"\n";
			showEnvVarsInLog = 0;
		};
/* End PBXShellScriptBuildPhase section */

/* Begin PBXSourcesBuildPhase section */
		1CE83D7E27BA8B38003E8982 /* Sources */ = {
			isa = PBXSourcesBuildPhase;
			buildActionMask = 2147483647;
			files = (
				1CE0884227D55F6A007A4E11 /* JSONSchemaSupport.swift in Sources */,
				1CE83D8627BA8B38003E8982 /* ElviraApp.swift in Sources */,
				1CE0883E27D55F6A007A4E11 /* Detail.swift in Sources */,
				1CE0884127D55F6A007A4E11 /* DetailService.swift in Sources */,
				1CE0883F27D55F6A007A4E11 /* TimetableTrainInfo.swift in Sources */,
				1CE0884327D55F6A007A4E11 /* Timetable.swift in Sources */,
				1C39430327D69B79003D2E0F /* TrainListViewModel.swift in Sources */,
				1CE5360227C62361004A8328 /* TrainView.swift in Sources */,
				1CE0884427D55F6A007A4E11 /* TrainInfoService.swift in Sources */,
				1CE0884027D55F6A007A4E11 /* DetailTrainInfo.swift in Sources */,
				1CE0884527D55F6A007A4E11 /* Timetables.swift in Sources */,
				1CE5360027C6226E004A8328 /* SreachView.swift in Sources */,
				1CE5360427C62474004A8328 /* TrainListView.swift in Sources */,
			);
			runOnlyForDeploymentPostprocessing = 0;
		};
/* End PBXSourcesBuildPhase section */

/* Begin XCBuildConfiguration section */
		1CE83D8E27BA8B3C003E8982 /* Debug */ = {
			isa = XCBuildConfiguration;
			buildSettings = {
				ALWAYS_SEARCH_USER_PATHS = NO;
				CLANG_ANALYZER_NONNULL = YES;
				CLANG_ANALYZER_NUMBER_OBJECT_CONVERSION = YES_AGGRESSIVE;
				CLANG_CXX_LANGUAGE_STANDARD = "gnu++17";
				CLANG_CXX_LIBRARY = "libc++";
				CLANG_ENABLE_MODULES = YES;
				CLANG_ENABLE_OBJC_ARC = YES;
				CLANG_ENABLE_OBJC_WEAK = YES;
				CLANG_WARN_BLOCK_CAPTURE_AUTORELEASING = YES;
				CLANG_WARN_BOOL_CONVERSION = YES;
				CLANG_WARN_COMMA = YES;
				CLANG_WARN_CONSTANT_CONVERSION = YES;
				CLANG_WARN_DEPRECATED_OBJC_IMPLEMENTATIONS = YES;
				CLANG_WARN_DIRECT_OBJC_ISA_USAGE = YES_ERROR;
				CLANG_WARN_DOCUMENTATION_COMMENTS = YES;
				CLANG_WARN_EMPTY_BODY = YES;
				CLANG_WARN_ENUM_CONVERSION = YES;
				CLANG_WARN_INFINITE_RECURSION = YES;
				CLANG_WARN_INT_CONVERSION = YES;
				CLANG_WARN_NON_LITERAL_NULL_CONVERSION = YES;
				CLANG_WARN_OBJC_IMPLICIT_RETAIN_SELF = YES;
				CLANG_WARN_OBJC_LITERAL_CONVERSION = YES;
				CLANG_WARN_OBJC_ROOT_CLASS = YES_ERROR;
				CLANG_WARN_QUOTED_INCLUDE_IN_FRAMEWORK_HEADER = YES;
				CLANG_WARN_RANGE_LOOP_ANALYSIS = YES;
				CLANG_WARN_STRICT_PROTOTYPES = YES;
				CLANG_WARN_SUSPICIOUS_MOVE = YES;
				CLANG_WARN_UNGUARDED_AVAILABILITY = YES_AGGRESSIVE;
				CLANG_WARN_UNREACHABLE_CODE = YES;
				CLANG_WARN__DUPLICATE_METHOD_MATCH = YES;
				COPY_PHASE_STRIP = NO;
				DEBUG_INFORMATION_FORMAT = dwarf;
				ENABLE_STRICT_OBJC_MSGSEND = YES;
				ENABLE_TESTABILITY = YES;
				GCC_C_LANGUAGE_STANDARD = gnu11;
				GCC_DYNAMIC_NO_PIC = NO;
				GCC_NO_COMMON_BLOCKS = YES;
				GCC_OPTIMIZATION_LEVEL = 0;
				GCC_PREPROCESSOR_DEFINITIONS = (
					"DEBUG=1",
					"$(inherited)",
				);
				GCC_WARN_64_TO_32_BIT_CONVERSION = YES;
				GCC_WARN_ABOUT_RETURN_TYPE = YES_ERROR;
				GCC_WARN_UNDECLARED_SELECTOR = YES;
				GCC_WARN_UNINITIALIZED_AUTOS = YES_AGGRESSIVE;
				GCC_WARN_UNUSED_FUNCTION = YES;
				GCC_WARN_UNUSED_VARIABLE = YES;
				IPHONEOS_DEPLOYMENT_TARGET = 15.2;
				MTL_ENABLE_DEBUG_INFO = INCLUDE_SOURCE;
				MTL_FAST_MATH = YES;
				ONLY_ACTIVE_ARCH = YES;
				SDKROOT = iphoneos;
				SWIFT_ACTIVE_COMPILATION_CONDITIONS = DEBUG;
				SWIFT_OPTIMIZATION_LEVEL = "-Onone";
			};
			name = Debug;
		};
		1CE83D8F27BA8B3C003E8982 /* Release */ = {
			isa = XCBuildConfiguration;
			buildSettings = {
				ALWAYS_SEARCH_USER_PATHS = NO;
				CLANG_ANALYZER_NONNULL = YES;
				CLANG_ANALYZER_NUMBER_OBJECT_CONVERSION = YES_AGGRESSIVE;
				CLANG_CXX_LANGUAGE_STANDARD = "gnu++17";
				CLANG_CXX_LIBRARY = "libc++";
				CLANG_ENABLE_MODULES = YES;
				CLANG_ENABLE_OBJC_ARC = YES;
				CLANG_ENABLE_OBJC_WEAK = YES;
				CLANG_WARN_BLOCK_CAPTURE_AUTORELEASING = YES;
				CLANG_WARN_BOOL_CONVERSION = YES;
				CLANG_WARN_COMMA = YES;
				CLANG_WARN_CONSTANT_CONVERSION = YES;
				CLANG_WARN_DEPRECATED_OBJC_IMPLEMENTATIONS = YES;
				CLANG_WARN_DIRECT_OBJC_ISA_USAGE = YES_ERROR;
				CLANG_WARN_DOCUMENTATION_COMMENTS = YES;
				CLANG_WARN_EMPTY_BODY = YES;
				CLANG_WARN_ENUM_CONVERSION = YES;
				CLANG_WARN_INFINITE_RECURSION = YES;
				CLANG_WARN_INT_CONVERSION = YES;
				CLANG_WARN_NON_LITERAL_NULL_CONVERSION = YES;
				CLANG_WARN_OBJC_IMPLICIT_RETAIN_SELF = YES;
				CLANG_WARN_OBJC_LITERAL_CONVERSION = YES;
				CLANG_WARN_OBJC_ROOT_CLASS = YES_ERROR;
				CLANG_WARN_QUOTED_INCLUDE_IN_FRAMEWORK_HEADER = YES;
				CLANG_WARN_RANGE_LOOP_ANALYSIS = YES;
				CLANG_WARN_STRICT_PROTOTYPES = YES;
				CLANG_WARN_SUSPICIOUS_MOVE = YES;
				CLANG_WARN_UNGUARDED_AVAILABILITY = YES_AGGRESSIVE;
				CLANG_WARN_UNREACHABLE_CODE = YES;
				CLANG_WARN__DUPLICATE_METHOD_MATCH = YES;
				COPY_PHASE_STRIP = NO;
				DEBUG_INFORMATION_FORMAT = "dwarf-with-dsym";
				ENABLE_NS_ASSERTIONS = NO;
				ENABLE_STRICT_OBJC_MSGSEND = YES;
				GCC_C_LANGUAGE_STANDARD = gnu11;
				GCC_NO_COMMON_BLOCKS = YES;
				GCC_WARN_64_TO_32_BIT_CONVERSION = YES;
				GCC_WARN_ABOUT_RETURN_TYPE = YES_ERROR;
				GCC_WARN_UNDECLARED_SELECTOR = YES;
				GCC_WARN_UNINITIALIZED_AUTOS = YES_AGGRESSIVE;
				GCC_WARN_UNUSED_FUNCTION = YES;
				GCC_WARN_UNUSED_VARIABLE = YES;
				IPHONEOS_DEPLOYMENT_TARGET = 15.2;
				MTL_ENABLE_DEBUG_INFO = NO;
				MTL_FAST_MATH = YES;
				SDKROOT = iphoneos;
				SWIFT_COMPILATION_MODE = wholemodule;
				SWIFT_OPTIMIZATION_LEVEL = "-O";
				VALIDATE_PRODUCT = YES;
			};
			name = Release;
		};
		1CE83D9127BA8B3C003E8982 /* Debug */ = {
			isa = XCBuildConfiguration;
			baseConfigurationReference = 03FD86C454894FB06D8A82E3 /* Pods-Elvira.debug.xcconfig */;
			buildSettings = {
				ASSETCATALOG_COMPILER_APPICON_NAME = AppIcon;
				ASSETCATALOG_COMPILER_GLOBAL_ACCENT_COLOR_NAME = AccentColor;
				CODE_SIGN_STYLE = Automatic;
				CURRENT_PROJECT_VERSION = 1;
				DEVELOPMENT_ASSET_PATHS = "\"Elvira/Preview Content\"";
				DEVELOPMENT_TEAM = KUEJ6P9L5N;
				ENABLE_PREVIEWS = YES;
				GENERATE_INFOPLIST_FILE = YES;
				INFOPLIST_KEY_UIApplicationSceneManifest_Generation = YES;
				INFOPLIST_KEY_UIApplicationSupportsIndirectInputEvents = YES;
				INFOPLIST_KEY_UILaunchScreen_Generation = YES;
				INFOPLIST_KEY_UISupportedInterfaceOrientations_iPad = "UIInterfaceOrientationPortrait UIInterfaceOrientationPortraitUpsideDown UIInterfaceOrientationLandscapeLeft UIInterfaceOrientationLandscapeRight";
				INFOPLIST_KEY_UISupportedInterfaceOrientations_iPhone = "UIInterfaceOrientationPortrait UIInterfaceOrientationLandscapeLeft UIInterfaceOrientationLandscapeRight";
				LD_RUNPATH_SEARCH_PATHS = (
					"$(inherited)",
					"@executable_path/Frameworks",
				);
				MARKETING_VERSION = 1.0;
				PRODUCT_BUNDLE_IDENTIFIER = com.bme.aut.Elvira;
				PRODUCT_NAME = "$(TARGET_NAME)";
				SWIFT_EMIT_LOC_STRINGS = YES;
				SWIFT_VERSION = 5.0;
				TARGETED_DEVICE_FAMILY = "1,2";
			};
			name = Debug;
		};
		1CE83D9227BA8B3C003E8982 /* Release */ = {
			isa = XCBuildConfiguration;
			baseConfigurationReference = 131CC6A0E1D78412A9C50719 /* Pods-Elvira.release.xcconfig */;
			buildSettings = {
				ASSETCATALOG_COMPILER_APPICON_NAME = AppIcon;
				ASSETCATALOG_COMPILER_GLOBAL_ACCENT_COLOR_NAME = AccentColor;
				CODE_SIGN_STYLE = Automatic;
				CURRENT_PROJECT_VERSION = 1;
				DEVELOPMENT_ASSET_PATHS = "\"Elvira/Preview Content\"";
				DEVELOPMENT_TEAM = KUEJ6P9L5N;
				ENABLE_PREVIEWS = YES;
				GENERATE_INFOPLIST_FILE = YES;
				INFOPLIST_KEY_UIApplicationSceneManifest_Generation = YES;
				INFOPLIST_KEY_UIApplicationSupportsIndirectInputEvents = YES;
				INFOPLIST_KEY_UILaunchScreen_Generation = YES;
				INFOPLIST_KEY_UISupportedInterfaceOrientations_iPad = "UIInterfaceOrientationPortrait UIInterfaceOrientationPortraitUpsideDown UIInterfaceOrientationLandscapeLeft UIInterfaceOrientationLandscapeRight";
				INFOPLIST_KEY_UISupportedInterfaceOrientations_iPhone = "UIInterfaceOrientationPortrait UIInterfaceOrientationLandscapeLeft UIInterfaceOrientationLandscapeRight";
				LD_RUNPATH_SEARCH_PATHS = (
					"$(inherited)",
					"@executable_path/Frameworks",
				);
				MARKETING_VERSION = 1.0;
				PRODUCT_BUNDLE_IDENTIFIER = com.bme.aut.Elvira;
				PRODUCT_NAME = "$(TARGET_NAME)";
				SWIFT_EMIT_LOC_STRINGS = YES;
				SWIFT_VERSION = 5.0;
				TARGETED_DEVICE_FAMILY = "1,2";
			};
			name = Release;
		};
/* End XCBuildConfiguration section */

/* Begin XCConfigurationList section */
		1CE83D7D27BA8B38003E8982 /* Build configuration list for PBXProject "Elvira" */ = {
			isa = XCConfigurationList;
			buildConfigurations = (
				1CE83D8E27BA8B3C003E8982 /* Debug */,
				1CE83D8F27BA8B3C003E8982 /* Release */,
			);
			defaultConfigurationIsVisible = 0;
			defaultConfigurationName = Release;
		};
		1CE83D9027BA8B3C003E8982 /* Build configuration list for PBXNativeTarget "Elvira" */ = {
			isa = XCConfigurationList;
			buildConfigurations = (
				1CE83D9127BA8B3C003E8982 /* Debug */,
				1CE83D9227BA8B3C003E8982 /* Release */,
			);
			defaultConfigurationIsVisible = 0;
			defaultConfigurationName = Release;
		};
/* End XCConfigurationList section */
	};
	rootObject = 1CE83D7A27BA8B38003E8982 /* Project object */;
}
